github.com/syumai/workers v0.26.0 h1:icxE2mimM6138HUyXoz8nBjq2bC7YHPTSB8qAaHi31k=
github.com/syumai/workers v0.26.0/go.mod h1:ZnqmdiHNBrbxOLrZ/HJ5jzHy6af9cmiNZk10R9NrIEA=
github.com/tychy/toukibo-parser v1.0.18 h1:jdr6HFEcwn306yL0ZvodR1dxmLUucFoVwOQoeBGztDw=
github.com/tychy/toukibo-parser v1.0.18/go.mod h1:4m2kWl6UGW2sIouaR7x6xE1SqQaPCEqv2A52sH86Wfg=
